// !$*UTF8*$!
{
	archiveVersion = 1;
	classes = {
	};
	objectVersion = 56;
	objects = {

/* Begin PBXBuildFile section */
		74E865AE2ABA601F00C3C2D2 /* AppDelegate.swift in Sources */ = {isa = PBXBuildFile; fileRef = 74E865AD2ABA601F00C3C2D2 /* AppDelegate.swift */; };
		74E865B02ABA601F00C3C2D2 /* SceneDelegate.swift in Sources */ = {isa = PBXBuildFile; fileRef = 74E865AF2ABA601F00C3C2D2 /* SceneDelegate.swift */; };
		74E865B22ABA601F00C3C2D2 /* ViewController.swift in Sources */ = {isa = PBXBuildFile; fileRef = 74E865B12ABA601F00C3C2D2 /* ViewController.swift */; };
		74E865B52ABA601F00C3C2D2 /* Main.storyboard in Resources */ = {isa = PBXBuildFile; fileRef = 74E865B32ABA601F00C3C2D2 /* Main.storyboard */; };
		74E865B72ABA602000C3C2D2 /* Assets.xcassets in Resources */ = {isa = PBXBuildFile; fileRef = 74E865B62ABA602000C3C2D2 /* Assets.xcassets */; };
		74E865BA2ABA602000C3C2D2 /* LaunchScreen.storyboard in Resources */ = {isa = PBXBuildFile; fileRef = 74E865B82ABA602000C3C2D2 /* LaunchScreen.storyboard */; };
		74E865C52ABA602100C3C2D2 /* HackwhichFour_9_19_23Tests.swift in Sources */ = {isa = PBXBuildFile; fileRef = 74E865C42ABA602100C3C2D2 /* HackwhichFour_9_19_23Tests.swift */; };
		74E865CF2ABA602100C3C2D2 /* HackwhichFour_9_19_23UITests.swift in Sources */ = {isa = PBXBuildFile; fileRef = 74E865CE2ABA602100C3C2D2 /* HackwhichFour_9_19_23UITests.swift */; };
		74E865D12ABA602100C3C2D2 /* HackwhichFour_9_19_23UITestsLaunchTests.swift in Sources */ = {isa = PBXBuildFile; fileRef = 74E865D02ABA602100C3C2D2 /* HackwhichFour_9_19_23UITestsLaunchTests.swift */; };
		74E865E62ABA6B0600C3C2D2 /* firstVCViewController.swift in Sources */ = {isa = PBXBuildFile; fileRef = 74E865E52ABA6B0600C3C2D2 /* firstVCViewController.swift */; };
		74E865E82ABA9B4500C3C2D2 /* secondVCViewController.swift in Sources */ = {isa = PBXBuildFile; fileRef = 74E865E72ABA9B4500C3C2D2 /* secondVCViewController.swift */; };
		74E8662B2AC42CE700C3C2D2 /* fourthViewController.swift in Sources */ = {isa = PBXBuildFile; fileRef = 74E8662A2AC42CE700C3C2D2 /* fourthViewController.swift */; };
/* End PBXBuildFile section */

/* Begin PBXContainerItemProxy section */
		74E865C12ABA602100C3C2D2 /* PBXContainerItemProxy */ = {
			isa = PBXContainerItemProxy;
			containerPortal = 74E865A22ABA601F00C3C2D2 /* Project object */;
			proxyType = 1;
			remoteGlobalIDString = 74E865A92ABA601F00C3C2D2;
			remoteInfo = HackwhichFour_9.19.23;
		};
		74E865CB2ABA602100C3C2D2 /* PBXContainerItemProxy */ = {
			isa = PBXContainerItemProxy;
			containerPortal = 74E865A22ABA601F00C3C2D2 /* Project object */;
			proxyType = 1;
			remoteGlobalIDString = 74E865A92ABA601F00C3C2D2;
			remoteInfo = HackwhichFour_9.19.23;
		};
/* End PBXContainerItemProxy section */

/* Begin PBXFileReference section */
		74E865AA2ABA601F00C3C2D2 /* HackwhichFour_9.19.23.app */ = {isa = PBXFileReference; explicitFileType = wrapper.application; includeInIndex = 0; path = HackwhichFour_9.19.23.app; sourceTree = BUILT_PRODUCTS_DIR; };
		74E865AD2ABA601F00C3C2D2 /* AppDelegate.swift */ = {isa = PBXFileReference; lastKnownFileType = sourcecode.swift; path = AppDelegate.swift; sourceTree = "<group>"; };
		74E865AF2ABA601F00C3C2D2 /* SceneDelegate.swift */ = {isa = PBXFileReference; lastKnownFileType = sourcecode.swift; path = SceneDelegate.swift; sourceTree = "<group>"; };
		74E865B12ABA601F00C3C2D2 /* ViewController.swift */ = {isa = PBXFileReference; lastKnownFileType = sourcecode.swift; path = ViewController.swift; sourceTree = "<group>"; };
		74E865B42ABA601F00C3C2D2 /* Base */ = {isa = PBXFileReference; lastKnownFileType = file.storyboard; name = Base; path = Base.lproj/Main.storyboard; sourceTree = "<group>"; };
		74E865B62ABA602000C3C2D2 /* Assets.xcassets */ = {isa = PBXFileReference; lastKnownFileType = folder.assetcatalog; path = Assets.xcassets; sourceTree = "<group>"; };
		74E865B92ABA602000C3C2D2 /* Base */ = {isa = PBXFileReference; lastKnownFileType = file.storyboard; name = Base; path = Base.lproj/LaunchScreen.storyboard; sourceTree = "<group>"; };
		74E865BB2ABA602000C3C2D2 /* Info.plist */ = {isa = PBXFileReference; lastKnownFileType = text.plist.xml; path = Info.plist; sourceTree = "<group>"; };
		74E865C02ABA602100C3C2D2 /* HackwhichFour_9.19.23Tests.xctest */ = {isa = PBXFileReference; explicitFileType = wrapper.cfbundle; includeInIndex = 0; path = HackwhichFour_9.19.23Tests.xctest; sourceTree = BUILT_PRODUCTS_DIR; };
		74E865C42ABA602100C3C2D2 /* HackwhichFour_9_19_23Tests.swift */ = {isa = PBXFileReference; lastKnownFileType = sourcecode.swift; path = HackwhichFour_9_19_23Tests.swift; sourceTree = "<group>"; };
		74E865CA2ABA602100C3C2D2 /* HackwhichFour_9.19.23UITests.xctest */ = {isa = PBXFileReference; explicitFileType = wrapper.cfbundle; includeInIndex = 0; path = HackwhichFour_9.19.23UITests.xctest; sourceTree = BUILT_PRODUCTS_DIR; };
		74E865CE2ABA602100C3C2D2 /* HackwhichFour_9_19_23UITests.swift */ = {isa = PBXFileReference; lastKnownFileType = sourcecode.swift; path = HackwhichFour_9_19_23UITests.swift; sourceTree = "<group>"; };
		74E865D02ABA602100C3C2D2 /* HackwhichFour_9_19_23UITestsLaunchTests.swift */ = {isa = PBXFileReference; lastKnownFileType = sourcecode.swift; path = HackwhichFour_9_19_23UITestsLaunchTests.swift; sourceTree = "<group>"; };
		74E865E52ABA6B0600C3C2D2 /* firstVCViewController.swift */ = {isa = PBXFileReference; lastKnownFileType = sourcecode.swift; path = firstVCViewController.swift; sourceTree = "<group>"; };
		74E865E72ABA9B4500C3C2D2 /* secondVCViewController.swift */ = {isa = PBXFileReference; lastKnownFileType = sourcecode.swift; path = secondVCViewController.swift; sourceTree = "<group>"; };
		74E8662A2AC42CE700C3C2D2 /* fourthViewController.swift */ = {isa = PBXFileReference; lastKnownFileType = sourcecode.swift; path = fourthViewController.swift; sourceTree = "<group>"; };
/* End PBXFileReference section */

/* Begin PBXFrameworksBuildPhase section */
		74E865A72ABA601F00C3C2D2 /* Frameworks */ = {
			isa = PBXFrameworksBuildPhase;
			buildActionMask = 2147483647;
			files = (
			);
			runOnlyForDeploymentPostprocessing = 0;
		};
		74E865BD2ABA602100C3C2D2 /* Frameworks */ = {
			isa = PBXFrameworksBuildPhase;
			buildActionMask = 2147483647;
			files = (
			);
			runOnlyForDeploymentPostprocessing = 0;
		};
		74E865C72ABA602100C3C2D2 /* Frameworks */ = {
			isa = PBXFrameworksBuildPhase;
			buildActionMask = 2147483647;
			files = (
			);
			runOnlyForDeploymentPostprocessing = 0;
		};
/* End PBXFrameworksBuildPhase section */

/* Begin PBXGroup section */
		74E865A12ABA601F00C3C2D2 = {
			isa = PBXGroup;
			children = (
				74E865AC2ABA601F00C3C2D2 /* HackwhichFour_9.19.23 */,
				74E865C32ABA602100C3C2D2 /* HackwhichFour_9.19.23Tests */,
				74E865CD2ABA602100C3C2D2 /* HackwhichFour_9.19.23UITests */,
				74E865AB2ABA601F00C3C2D2 /* Products */,
			);
			sourceTree = "<group>";
		};
		74E865AB2ABA601F00C3C2D2 /* Products */ = {
			isa = PBXGroup;
			children = (
				74E865AA2ABA601F00C3C2D2 /* HackwhichFour_9.19.23.app */,
				74E865C02ABA602100C3C2D2 /* HackwhichFour_9.19.23Tests.xctest */,
				74E865CA2ABA602100C3C2D2 /* HackwhichFour_9.19.23UITests.xctest */,
			);
			name = Products;
			sourceTree = "<group>";
		};
		74E865AC2ABA601F00C3C2D2 /* HackwhichFour_9.19.23 */ = {
			isa = PBXGroup;
			children = (
				74E865AD2ABA601F00C3C2D2 /* AppDelegate.swift */,
				74E865AF2ABA601F00C3C2D2 /* SceneDelegate.swift */,
				74E865B12ABA601F00C3C2D2 /* ViewController.swift */,
				74E865B32ABA601F00C3C2D2 /* Main.storyboard */,
				74E8662A2AC42CE700C3C2D2 /* fourthViewController.swift */,
				74E865E72ABA9B4500C3C2D2 /* secondVCViewController.swift */,
				74E865E52ABA6B0600C3C2D2 /* firstVCViewController.swift */,
				74E865B62ABA602000C3C2D2 /* Assets.xcassets */,
				74E865B82ABA602000C3C2D2 /* LaunchScreen.storyboard */,
				74E865BB2ABA602000C3C2D2 /* Info.plist */,
			);
			path = HackwhichFour_9.19.23;
			sourceTree = "<group>";
		};
		74E865C32ABA602100C3C2D2 /* HackwhichFour_9.19.23Tests */ = {
			isa = PBXGroup;
			children = (
				74E865C42ABA602100C3C2D2 /* HackwhichFour_9_19_23Tests.swift */,
			);
			path = HackwhichFour_9.19.23Tests;
			sourceTree = "<group>";
		};
		74E865CD2ABA602100C3C2D2 /* HackwhichFour_9.19.23UITests */ = {
			isa = PBXGroup;
			children = (
				74E865CE2ABA602100C3C2D2 /* HackwhichFour_9_19_23UITests.swift */,
				74E865D02ABA602100C3C2D2 /* HackwhichFour_9_19_23UITestsLaunchTests.swift */,
			);
			path = HackwhichFour_9.19.23UITests;
			sourceTree = "<group>";
		};
/* End PBXGroup section */

/* Begin PBXNativeTarget section */
		74E865A92ABA601F00C3C2D2 /* HackwhichFour_9.19.23 */ = {
			isa = PBXNativeTarget;
			buildConfigurationList = 74E865D42ABA602100C3C2D2 /* Build configuration list for PBXNativeTarget "HackwhichFour_9.19.23" */;
			buildPhases = (
				74E865A62ABA601F00C3C2D2 /* Sources */,
				74E865A72ABA601F00C3C2D2 /* Frameworks */,
				74E865A82ABA601F00C3C2D2 /* Resources */,
			);
			buildRules = (
			);
			dependencies = (
			);
			name = HackwhichFour_9.19.23;
			productName = HackwhichFour_9.19.23;
			productReference = 74E865AA2ABA601F00C3C2D2 /* HackwhichFour_9.19.23.app */;
			productType = "com.apple.product-type.application";
		};
		74E865BF2ABA602100C3C2D2 /* HackwhichFour_9.19.23Tests */ = {
			isa = PBXNativeTarget;
			buildConfigurationList = 74E865D72ABA602100C3C2D2 /* Build configuration list for PBXNativeTarget "HackwhichFour_9.19.23Tests" */;
			buildPhases = (
				74E865BC2ABA602100C3C2D2 /* Sources */,
				74E865BD2ABA602100C3C2D2 /* Frameworks */,
				74E865BE2ABA602100C3C2D2 /* Resources */,
			);
			buildRules = (
			);
			dependencies = (
				74E865C22ABA602100C3C2D2 /* PBXTargetDependency */,
			);
			name = HackwhichFour_9.19.23Tests;
			productName = HackwhichFour_9.19.23Tests;
			productReference = 74E865C02ABA602100C3C2D2 /* HackwhichFour_9.19.23Tests.xctest */;
			productType = "com.apple.product-type.bundle.unit-test";
		};
		74E865C92ABA602100C3C2D2 /* HackwhichFour_9.19.23UITests */ = {
			isa = PBXNativeTarget;
			buildConfigurationList = 74E865DA2ABA602100C3C2D2 /* Build configuration list for PBXNativeTarget "HackwhichFour_9.19.23UITests" */;
			buildPhases = (
				74E865C62ABA602100C3C2D2 /* Sources */,
				74E865C72ABA602100C3C2D2 /* Frameworks */,
				74E865C82ABA602100C3C2D2 /* Resources */,
			);
			buildRules = (
			);
			dependencies = (
				74E865CC2ABA602100C3C2D2 /* PBXTargetDependency */,
			);
			name = HackwhichFour_9.19.23UITests;
			productName = HackwhichFour_9.19.23UITests;
			productReference = 74E865CA2ABA602100C3C2D2 /* HackwhichFour_9.19.23UITests.xctest */;
			productType = "com.apple.product-type.bundle.ui-testing";
		};
/* End PBXNativeTarget section */

/* Begin PBXProject section */
		74E865A22ABA601F00C3C2D2 /* Project object */ = {
			isa = PBXProject;
			attributes = {
				BuildIndependentTargetsInParallel = 1;
				LastSwiftUpdateCheck = 1430;
				LastUpgradeCheck = 1430;
				TargetAttributes = {
					74E865A92ABA601F00C3C2D2 = {
						CreatedOnToolsVersion = 14.3.1;
					};
					74E865BF2ABA602100C3C2D2 = {
						CreatedOnToolsVersion = 14.3.1;
						TestTargetID = 74E865A92ABA601F00C3C2D2;
					};
					74E865C92ABA602100C3C2D2 = {
						CreatedOnToolsVersion = 14.3.1;
						TestTargetID = 74E865A92ABA601F00C3C2D2;
					};
				};
			};
			buildConfigurationList = 74E865A52ABA601F00C3C2D2 /* Build configuration list for PBXProject "HackwhichFour_9.19.23" */;
			compatibilityVersion = "Xcode 14.0";
			developmentRegion = en;
			hasScannedForEncodings = 0;
			knownRegions = (
				en,
				Base,
			);
			mainGroup = 74E865A12ABA601F00C3C2D2;
			productRefGroup = 74E865AB2ABA601F00C3C2D2 /* Products */;
			projectDirPath = "";
			projectRoot = "";
			targets = (
				74E865A92ABA601F00C3C2D2 /* HackwhichFour_9.19.23 */,
				74E865BF2ABA602100C3C2D2 /* HackwhichFour_9.19.23Tests */,
				74E865C92ABA602100C3C2D2 /* HackwhichFour_9.19.23UITests */,
			);
		};
/* End PBXProject section */

/* Begin PBXResourcesBuildPhase section */
		74E865A82ABA601F00C3C2D2 /* Resources */ = {
			isa = PBXResourcesBuildPhase;
			buildActionMask = 2147483647;
			files = (
				74E865BA2ABA602000C3C2D2 /* LaunchScreen.storyboard in Resources */,
				74E865B72ABA602000C3C2D2 /* Assets.xcassets in Resources */,
				74E865B52ABA601F00C3C2D2 /* Main.storyboard in Resources */,
			);
			runOnlyForDeploymentPostprocessing = 0;
		};
		74E865BE2ABA602100C3C2D2 /* Resources */ = {
			isa = PBXResourcesBuildPhase;
			buildActionMask = 2147483647;
			files = (
			);
			runOnlyForDeploymentPostprocessing = 0;
		};
		74E865C82ABA602100C3C2D2 /* Resources */ = {
			isa = PBXResourcesBuildPhase;
			buildActionMask = 2147483647;
			files = (
			);
			runOnlyForDeploymentPostprocessing = 0;
		};
/* End PBXResourcesBuildPhase section */

/* Begin PBXSourcesBuildPhase section */
		74E865A62ABA601F00C3C2D2 /* Sources */ = {
			isa = PBXSourcesBuildPhase;
			buildActionMask = 2147483647;
			files = (
				74E865B22ABA601F00C3C2D2 /* ViewController.swift in Sources */,
				74E865AE2ABA601F00C3C2D2 /* AppDelegate.swift in Sources */,
				74E8662B2AC42CE700C3C2D2 /* fourthViewController.swift in Sources */,
				74E865E82ABA9B4500C3C2D2 /* secondVCViewController.swift in Sources */,
				74E865E62ABA6B0600C3C2D2 /* firstVCViewController.swift in Sources */,
				74E865B02ABA601F00C3C2D2 /* SceneDelegate.swift in Sources */,
			);
			runOnlyForDeploymentPostprocessing = 0;
		};
		74E865BC2ABA602100C3C2D2 /* Sources */ = {
			isa = PBXSourcesBuildPhase;
			buildActionMask = 2147483647;
			files = (
				74E865C52ABA602100C3C2D2 /* HackwhichFour_9_19_23Tests.swift in Sources */,
			);
			runOnlyForDeploymentPostprocessing = 0;
		};
		74E865C62ABA602100C3C2D2 /* Sources */ = {
			isa = PBXSourcesBuildPhase;
			buildActionMask = 2147483647;
			files = (
				74E865D12ABA602100C3C2D2 /* HackwhichFour_9_19_23UITestsLaunchTests.swift in Sources */,
				74E865CF2ABA602100C3C2D2 /* HackwhichFour_9_19_23UITests.swift in Sources */,
			);
			runOnlyForDeploymentPostprocessing = 0;
		};
/* End PBXSourcesBuildPhase section */

/* Begin PBXTargetDependency section */
		74E865C22ABA602100C3C2D2 /* PBXTargetDependency */ = {
			isa = PBXTargetDependency;
			target = 74E865A92ABA601F00C3C2D2 /* HackwhichFour_9.19.23 */;
			targetProxy = 74E865C12ABA602100C3C2D2 /* PBXContainerItemProxy */;
		};
		74E865CC2ABA602100C3C2D2 /* PBXTargetDependency */ = {
			isa = PBXTargetDependency;
			target = 74E865A92ABA601F00C3C2D2 /* HackwhichFour_9.19.23 */;
			targetProxy = 74E865CB2ABA602100C3C2D2 /* PBXContainerItemProxy */;
		};
/* End PBXTargetDependency section */

/* Begin PBXVariantGroup section */
		74E865B32ABA601F00C3C2D2 /* Main.storyboard */ = {
			isa = PBXVariantGroup;
			children = (
				74E865B42ABA601F00C3C2D2 /* Base */,
			);
			name = Main.storyboard;
			sourceTree = "<group>";
		};
		74E865B82ABA602000C3C2D2 /* LaunchScreen.storyboard */ = {
			isa = PBXVariantGroup;
			children = (
				74E865B92ABA602000C3C2D2 /* Base */,
			);
			name = LaunchScreen.storyboard;
			sourceTree = "<group>";
		};
/* End PBXVariantGroup section */

/* Begin XCBuildConfiguration section */
		74E865D22ABA602100C3C2D2 /* Debug */ = {
			isa = XCBuildConfiguration;
			buildSettings = {
				ALWAYS_SEARCH_USER_PATHS = NO;
				CLANG_ANALYZER_NONNULL = YES;
				CLANG_ANALYZER_NUMBER_OBJECT_CONVERSION = YES_AGGRESSIVE;
				CLANG_CXX_LANGUAGE_STANDARD = "gnu++20";
				CLANG_ENABLE_MODULES = YES;
				CLANG_ENABLE_OBJC_ARC = YES;
				CLANG_ENABLE_OBJC_WEAK = YES;
				CLANG_WARN_BLOCK_CAPTURE_AUTORELEASING = YES;
				CLANG_WARN_BOOL_CONVERSION = YES;
				CLANG_WARN_COMMA = YES;
				CLANG_WARN_CONSTANT_CONVERSION = YES;
				CLANG_WARN_DEPRECATED_OBJC_IMPLEMENTATIONS = YES;
				CLANG_WARN_DIRECT_OBJC_ISA_USAGE = YES_ERROR;
				CLANG_WARN_DOCUMENTATION_COMMENTS = YES;
				CLANG_WARN_EMPTY_BODY = YES;
				CLANG_WARN_ENUM_CONVERSION = YES;
				CLANG_WARN_INFINITE_RECURSION = YES;
				CLANG_WARN_INT_CONVERSION = YES;
				CLANG_WARN_NON_LITERAL_NULL_CONVERSION = YES;
				CLANG_WARN_OBJC_IMPLICIT_RETAIN_SELF = YES;
				CLANG_WARN_OBJC_LITERAL_CONVERSION = YES;
				CLANG_WARN_OBJC_ROOT_CLASS = YES_ERROR;
				CLANG_WARN_QUOTED_INCLUDE_IN_FRAMEWORK_HEADER = YES;
				CLANG_WARN_RANGE_LOOP_ANALYSIS = YES;
				CLANG_WARN_STRICT_PROTOTYPES = YES;
				CLANG_WARN_SUSPICIOUS_MOVE = YES;
				CLANG_WARN_UNGUARDED_AVAILABILITY = YES_AGGRESSIVE;
				CLANG_WARN_UNREACHABLE_CODE = YES;
				CLANG_WARN__DUPLICATE_METHOD_MATCH = YES;
				COPY_PHASE_STRIP = NO;
				DEBUG_INFORMATION_FORMAT = dwarf;
				ENABLE_STRICT_OBJC_MSGSEND = YES;
				ENABLE_TESTABILITY = YES;
				GCC_C_LANGUAGE_STANDARD = gnu11;
				GCC_DYNAMIC_NO_PIC = NO;
				GCC_NO_COMMON_BLOCKS = YES;
				GCC_OPTIMIZATION_LEVEL = 0;
				GCC_PREPROCESSOR_DEFINITIONS = (
					"DEBUG=1",
					"$(inherited)",
				);
				GCC_WARN_64_TO_32_BIT_CONVERSION = YES;
				GCC_WARN_ABOUT_RETURN_TYPE = YES_ERROR;
				GCC_WARN_UNDECLARED_SELECTOR = YES;
				GCC_WARN_UNINITIALIZED_AUTOS = YES_AGGRESSIVE;
				GCC_WARN_UNUSED_FUNCTION = YES;
				GCC_WARN_UNUSED_VARIABLE = YES;
				IPHONEOS_DEPLOYMENT_TARGET = 16.4;
				MTL_ENABLE_DEBUG_INFO = INCLUDE_SOURCE;
				MTL_FAST_MATH = YES;
				ONLY_ACTIVE_ARCH = YES;
				SDKROOT = iphoneos;
				SWIFT_ACTIVE_COMPILATION_CONDITIONS = DEBUG;
				SWIFT_OPTIMIZATION_LEVEL = "-Onone";
			};
			name = Debug;
		};
		74E865D32ABA602100C3C2D2 /* Release */ = {
			isa = XCBuildConfiguration;
			buildSettings = {
				ALWAYS_SEARCH_USER_PATHS = NO;
				CLANG_ANALYZER_NONNULL = YES;
				CLANG_ANALYZER_NUMBER_OBJECT_CONVERSION = YES_AGGRESSIVE;
				CLANG_CXX_LANGUAGE_STANDARD = "gnu++20";
				CLANG_ENABLE_MODULES = YES;
				CLANG_ENABLE_OBJC_ARC = YES;
				CLANG_ENABLE_OBJC_WEAK = YES;
				CLANG_WARN_BLOCK_CAPTURE_AUTORELEASING = YES;
				CLANG_WARN_BOOL_CONVERSION = YES;
				CLANG_WARN_COMMA = YES;
				CLANG_WARN_CONSTANT_CONVERSION = YES;
				CLANG_WARN_DEPRECATED_OBJC_IMPLEMENTATIONS = YES;
				CLANG_WARN_DIRECT_OBJC_ISA_USAGE = YES_ERROR;
				CLANG_WARN_DOCUMENTATION_COMMENTS = YES;
				CLANG_WARN_EMPTY_BODY = YES;
				CLANG_WARN_ENUM_CONVERSION = YES;
				CLANG_WARN_INFINITE_RECURSION = YES;
				CLANG_WARN_INT_CONVERSION = YES;
				CLANG_WARN_NON_LITERAL_NULL_CONVERSION = YES;
				CLANG_WARN_OBJC_IMPLICIT_RETAIN_SELF = YES;
				CLANG_WARN_OBJC_LITERAL_CONVERSION = YES;
				CLANG_WARN_OBJC_ROOT_CLASS = YES_ERROR;
				CLANG_WARN_QUOTED_INCLUDE_IN_FRAMEWORK_HEADER = YES;
				CLANG_WARN_RANGE_LOOP_ANALYSIS = YES;
				CLANG_WARN_STRICT_PROTOTYPES = YES;
				CLANG_WARN_SUSPICIOUS_MOVE = YES;
				CLANG_WARN_UNGUARDED_AVAILABILITY = YES_AGGRESSIVE;
				CLANG_WARN_UNREACHABLE_CODE = YES;
				CLANG_WARN__DUPLICATE_METHOD_MATCH = YES;
				COPY_PHASE_STRIP = NO;
				DEBUG_INFORMATION_FORMAT = "dwarf-with-dsym";
				ENABLE_NS_ASSERTIONS = NO;
				ENABLE_STRICT_OBJC_MSGSEND = YES;
				GCC_C_LANGUAGE_STANDARD = gnu11;
				GCC_NO_COMMON_BLOCKS = YES;
				GCC_WARN_64_TO_32_BIT_CONVERSION = YES;
				GCC_WARN_ABOUT_RETURN_TYPE = YES_ERROR;
				GCC_WARN_UNDECLARED_SELECTOR = YES;
				GCC_WARN_UNINITIALIZED_AUTOS = YES_AGGRESSIVE;
				GCC_WARN_UNUSED_FUNCTION = YES;
				GCC_WARN_UNUSED_VARIABLE = YES;
				IPHONEOS_DEPLOYMENT_TARGET = 16.4;
				MTL_ENABLE_DEBUG_INFO = NO;
				MTL_FAST_MATH = YES;
				SDKROOT = iphoneos;
				SWIFT_COMPILATION_MODE = wholemodule;
				SWIFT_OPTIMIZATION_LEVEL = "-O";
				VALIDATE_PRODUCT = YES;
			};
			name = Release;
		};
		74E865D52ABA602100C3C2D2 /* Debug */ = {
			isa = XCBuildConfiguration;
			buildSettings = {
				ASSETCATALOG_COMPILER_APPICON_NAME = AppIcon;
				ASSETCATALOG_COMPILER_GLOBAL_ACCENT_COLOR_NAME = AccentColor;
				CODE_SIGN_STYLE = Automatic;
				CURRENT_PROJECT_VERSION = 1;
				GENERATE_INFOPLIST_FILE = YES;
				INFOPLIST_FILE = HackwhichFour_9.19.23/Info.plist;
				INFOPLIST_KEY_UIApplicationSupportsIndirectInputEvents = YES;
				INFOPLIST_KEY_UILaunchStoryboardName = LaunchScreen;
				INFOPLIST_KEY_UIMainStoryboardFile = Main;
				INFOPLIST_KEY_UISupportedInterfaceOrientations_iPad = "UIInterfaceOrientationPortrait UIInterfaceOrientationPortraitUpsideDown UIInterfaceOrientationLandscapeLeft UIInterfaceOrientationLandscapeRight";
				INFOPLIST_KEY_UISupportedInterfaceOrientations_iPhone = "UIInterfaceOrientationPortrait UIInterfaceOrientationLandscapeLeft UIInterfaceOrientationLandscapeRight";
				LD_RUNPATH_SEARCH_PATHS = (
					"$(inherited)",
					"@executable_path/Frameworks",
				);
				MARKETING_VERSION = 1.0;
				PRODUCT_BUNDLE_IDENTIFIER = "UHWO.HackwhichFour-9-19-23";
				PRODUCT_NAME = "$(TARGET_NAME)";
				SWIFT_EMIT_LOC_STRINGS = YES;
				SWIFT_VERSION = 5.0;
				TARGETED_DEVICE_FAMILY = "1,2";
			};
			name = Debug;
		};
		74E865D62ABA602100C3C2D2 /* Release */ = {
			isa = XCBuildConfiguration;
			buildSettings = {
				ASSETCATALOG_COMPILER_APPICON_NAME = AppIcon;
				ASSETCATALOG_COMPILER_GLOBAL_ACCENT_COLOR_NAME = AccentColor;
				CODE_SIGN_STYLE = Automatic;
				CURRENT_PROJECT_VERSION = 1;
				GENERATE_INFOPLIST_FILE = YES;
				INFOPLIST_FILE = HackwhichFour_9.19.23/Info.plist;
				INFOPLIST_KEY_UIApplicationSupportsIndirectInputEvents = YES;
				INFOPLIST_KEY_UILaunchStoryboardName = LaunchScreen;
				INFOPLIST_KEY_UIMainStoryboardFile = Main;
				INFOPLIST_KEY_UISupportedInterfaceOrientations_iPad = "UIInterfaceOrientationPortrait UIInterfaceOrientationPortraitUpsideDown UIInterfaceOrientationLandscapeLeft UIInterfaceOrientationLandscapeRight";
				INFOPLIST_KEY_UISupportedInterfaceOrientations_iPhone = "UIInterfaceOrientationPortrait UIInterfaceOrientationLandscapeLeft UIInterfaceOrientationLandscapeRight";
				LD_RUNPATH_SEARCH_PATHS = (
					"$(inherited)",
					"@executable_path/Frameworks",
				);
				MARKETING_VERSION = 1.0;
				PRODUCT_BUNDLE_IDENTIFIER = "UHWO.HackwhichFour-9-19-23";
				PRODUCT_NAME = "$(TARGET_NAME)";
				SWIFT_EMIT_LOC_STRINGS = YES;
				SWIFT_VERSION = 5.0;
				TARGETED_DEVICE_FAMILY = "1,2";
			};
			name = Release;
		};
		74E865D82ABA602100C3C2D2 /* Debug */ = {
			isa = XCBuildConfiguration;
			buildSettings = {
				ALWAYS_EMBED_SWIFT_STANDARD_LIBRARIES = YES;
				BUNDLE_LOADER = "$(TEST_HOST)";
				CODE_SIGN_STYLE = Automatic;
				CURRENT_PROJECT_VERSION = 1;
				GENERATE_INFOPLIST_FILE = YES;
				IPHONEOS_DEPLOYMENT_TARGET = 16.4;
				MARKETING_VERSION = 1.0;
				PRODUCT_BUNDLE_IDENTIFIER = "UHWO.HackwhichFour-9-19-23Tests";
				PRODUCT_NAME = "$(TARGET_NAME)";
				SWIFT_EMIT_LOC_STRINGS = NO;
				SWIFT_VERSION = 5.0;
				TARGETED_DEVICE_FAMILY = "1,2";
				TEST_HOST = "$(BUILT_PRODUCTS_DIR)/HackwhichFour_9.19.23.app/$(BUNDLE_EXECUTABLE_FOLDER_PATH)/HackwhichFour_9.19.23";
			};
			name = Debug;
		};
		74E865D92ABA602100C3C2D2 /* Release */ = {
			isa = XCBuildConfiguration;
			buildSettings = {
				ALWAYS_EMBED_SWIFT_STANDARD_LIBRARIES = YES;
				BUNDLE_LOADER = "$(TEST_HOST)";
				CODE_SIGN_STYLE = Automatic;
				CURRENT_PROJECT_VERSION = 1;
				GENERATE_INFOPLIST_FILE = YES;
				IPHONEOS_DEPLOYMENT_TARGET = 16.4;
				MARKETING_VERSION = 1.0;
				PRODUCT_BUNDLE_IDENTIFIER = "UHWO.HackwhichFour-9-19-23Tests";
				PRODUCT_NAME = "$(TARGET_NAME)";
				SWIFT_EMIT_LOC_STRINGS = NO;
				SWIFT_VERSION = 5.0;
				TARGETED_DEVICE_FAMILY = "1,2";
				TEST_HOST = "$(BUILT_PRODUCTS_DIR)/HackwhichFour_9.19.23.app/$(BUNDLE_EXECUTABLE_FOLDER_PATH)/HackwhichFour_9.19.23";
			};
			name = Release;
		};
		74E865DB2ABA602100C3C2D2 /* Debug */ = {
			isa = XCBuildConfiguration;
			buildSettings = {
				ALWAYS_EMBED_SWIFT_STANDARD_LIBRARIES = YES;
				CODE_SIGN_STYLE = Automatic;
				CURRENT_PROJECT_VERSION = 1;
				GENERATE_INFOPLIST_FILE = YES;
				MARKETING_VERSION = 1.0;
				PRODUCT_BUNDLE_IDENTIFIER = "UHWO.HackwhichFour-9-19-23UITests";
				PRODUCT_NAME = "$(TARGET_NAME)";
				SWIFT_EMIT_LOC_STRINGS = NO;
				SWIFT_VERSION = 5.0;
				TARGETED_DEVICE_FAMILY = "1,2";
				TEST_TARGET_NAME = HackwhichFour_9.19.23;
			};
			name = Debug;
		};
		74E865DC2ABA602100C3C2D2 /* Release */ = {
			isa = XCBuildConfiguration;
			buildSettings = {
				ALWAYS_EMBED_SWIFT_STANDARD_LIBRARIES = YES;
				CODE_SIGN_STYLE = Automatic;
				CURRENT_PROJECT_VERSION = 1;
				GENERATE_INFOPLIST_FILE = YES;
				MARKETING_VERSION = 1.0;
				PRODUCT_BUNDLE_IDENTIFIER = "UHWO.HackwhichFour-9-19-23UITests";
				PRODUCT_NAME = "$(TARGET_NAME)";
				SWIFT_EMIT_LOC_STRINGS = NO;
				SWIFT_VERSION = 5.0;
				TARGETED_DEVICE_FAMILY = "1,2";
				TEST_TARGET_NAME = HackwhichFour_9.19.23;
			};
			name = Release;
		};
/* End XCBuildConfiguration section */

/* Begin XCConfigurationList section */
		74E865A52ABA601F00C3C2D2 /* Build configuration list for PBXProject "HackwhichFour_9.19.23" */ = {
			isa = XCConfigurationList;
			buildConfigurations = (
				74E865D22ABA602100C3C2D2 /* Debug */,
				74E865D32ABA602100C3C2D2 /* Release */,
			);
			defaultConfigurationIsVisible = 0;
			defaultConfigurationName = Release;
		};
		74E865D42ABA602100C3C2D2 /* Build configuration list for PBXNativeTarget "HackwhichFour_9.19.23" */ = {
			isa = XCConfigurationList;
			buildConfigurations = (
				74E865D52ABA602100C3C2D2 /* Debug */,
				74E865D62ABA602100C3C2D2 /* Release */,
			);
			defaultConfigurationIsVisible = 0;
			defaultConfigurationName = Release;
		};
		74E865D72ABA602100C3C2D2 /* Build configuration list for PBXNativeTarget "HackwhichFour_9.19.23Tests" */ = {
			isa = XCConfigurationList;
			buildConfigurations = (
				74E865D82ABA602100C3C2D2 /* Debug */,
				74E865D92ABA602100C3C2D2 /* Release */,
			);
			defaultConfigurationIsVisible = 0;
			defaultConfigurationName = Release;
		};
		74E865DA2ABA602100C3C2D2 /* Build configuration list for PBXNativeTarget "HackwhichFour_9.19.23UITests" */ = {
			isa = XCConfigurationList;
			buildConfigurations = (
				74E865DB2ABA602100C3C2D2 /* Debug */,
				74E865DC2ABA602100C3C2D2 /* Release */,
			);
			defaultConfigurationIsVisible = 0;
			defaultConfigurationName = Release;
		};
/* End XCConfigurationList section */
	};
	rootObject = 74E865A22ABA601F00C3C2D2 /* Project object */;
}
